
Microsoft Visual Studio Solution File, Format Version 12.00
# Visual Studio Version 16
VisualStudioVersion = 16.0.32413.511
MinimumVisualStudioVersion = 10.0.40219.1
Project("{9A19103F-16F7-4668-BE54-9A1E7A4F7556}") = "ShopNow.WebAPI", "ShopNow.WebAPI\ShopNow.WebAPI.csproj", "{1B544EF0-EDE9-4053-BEDF-0B65D12C3CCB}"
EndProject
Project("{9A19103F-16F7-4668-BE54-9A1E7A4F7556}") = "ShopNow.Common", "ShopNow.Common\ShopNow.Common.csproj", "{67DA4DA0-A7EE-468B-9E4F-177EBA9682F5}"
EndProject
Project("{9A19103F-16F7-4668-BE54-9A1E7A4F7556}") = "ShopNow.DataAccessLayer", "ShopNow.DataAccess\ShopNow.DataAccessLayer.csproj", "{DC3F838F-07D2-4D8E-936C-F76FB43B821F}"
EndProject
Project("{9A19103F-16F7-4668-BE54-9A1E7A4F7556}") = "ShopNow.BusinessLayer", "ShopNow.Service\ShopNow.BusinessLayer.csproj", "{546AC0A8-6DF5-45D4-ABA5-3498A5917D38}"
EndProject
Global
	GlobalSection(SolutionConfigurationPlatforms) = preSolution
		Debug|Any CPU = Debug|Any CPU
		Release|Any CPU = Release|Any CPU
	EndGlobalSection
	GlobalSection(ProjectConfigurationPlatforms) = postSolution
		{1B544EF0-EDE9-4053-BEDF-0B65D12C3CCB}.Debug|Any CPU.ActiveCfg = Debug|Any CPU
		{1B544EF0-EDE9-4053-BEDF-0B65D12C3CCB}.Debug|Any CPU.Build.0 = Debug|Any CPU
		{1B544EF0-EDE9-4053-BEDF-0B65D12C3CCB}.Release|Any CPU.ActiveCfg = Release|Any CPU
		{1B544EF0-EDE9-4053-BEDF-0B65D12C3CCB}.Release|Any CPU.Build.0 = Release|Any CPU
		{67DA4DA0-A7EE-468B-9E4F-177EBA9682F5}.Debug|Any CPU.ActiveCfg = Debug|Any CPU
		{67DA4DA0-A7EE-468B-9E4F-177EBA9682F5}.Debug|Any CPU.Build.0 = Debug|Any CPU
		{67DA4DA0-A7EE-468B-9E4F-177EBA9682F5}.Release|Any CPU.ActiveCfg = Release|Any CPU
		{67DA4DA0-A7EE-468B-9E4F-177EBA9682F5}.Release|Any CPU.Build.0 = Release|Any CPU
		{DC3F838F-07D2-4D8E-936C-F76FB43B821F}.Debug|Any CPU.ActiveCfg = Debug|Any CPU
		{DC3F838F-07D2-4D8E-936C-F76FB43B821F}.Debug|Any CPU.Build.0 = Debug|Any CPU
		{DC3F838F-07D2-4D8E-936C-F76FB43B821F}.Release|Any CPU.ActiveCfg = Release|Any CPU
		{DC3F838F-07D2-4D8E-936C-F76FB43B821F}.Release|Any CPU.Build.0 = Release|Any CPU
		{546AC0A8-6DF5-45D4-ABA5-3498A5917D38}.Debug|Any CPU.ActiveCfg = Debug|Any CPU
		{546AC0A8-6DF5-45D4-ABA5-3498A5917D38}.Debug|Any CPU.Build.0 = Debug|Any CPU
		{546AC0A8-6DF5-45D4-ABA5-3498A5917D38}.Release|Any CPU.ActiveCfg = Release|Any CPU
		{546AC0A8-6DF5-45D4-ABA5-3498A5917D38}.Release|Any CPU.Build.0 = Release|Any CPU
	EndGlobalSection
	GlobalSection(SolutionProperties) = preSolution
		HideSolutionNode = FALSE
	EndGlobalSection
	GlobalSection(ExtensibilityGlobals) = postSolution
		SolutionGuid = {3DA9FB75-049D-4977-B578-8A6E78CC2B67}
	EndGlobalSection
EndGlobal
